
Microsoft Visual Studio Solution File, Format Version 12.00
# Visual Studio 14
VisualStudioVersion = 14.0.23107.0
MinimumVisualStudioVersion = 10.0.40219.1
Project("{FAE04EC0-301F-11D3-BF4B-00C04F79EFBC}") = "SimpleKeyValueStore", "SimpleKeyValueStore\SimpleKeyValueStore.csproj", "{1856742B-DF27-43C2-88E2-7C760713AD45}"
EndProject
Project("{FAE04EC0-301F-11D3-BF4B-00C04F79EFBC}") = "SimpleKeyValueStore.PCL", "SimpleKeyValueStore.PCL\SimpleKeyValueStore.PCL.csproj", "{5B85F4BE-A35A-4593-BE5B-5E486471B1CE}"
EndProject
Project("{2150E333-8FDC-42A3-9474-1A3956D46DE8}") = "BuildTool", "BuildTool", "{C39EE41E-5CBB-4039-9E8A-128004E6E757}"
	ProjectSection(SolutionItems) = preProject
		BuildTool\NuGet.exe = BuildTool\NuGet.exe
		BuildTool\pack.bat = BuildTool\pack.bat
		BuildTool\SimpleKeyValueStore.nuspec = BuildTool\SimpleKeyValueStore.nuspec
	EndProjectSection
EndProject
Global
	GlobalSection(SolutionConfigurationPlatforms) = preSolution
		Debug|Any CPU = Debug|Any CPU
		Release|Any CPU = Release|Any CPU
	EndGlobalSection
	GlobalSection(ProjectConfigurationPlatforms) = postSolution
		{1856742B-DF27-43C2-88E2-7C760713AD45}.Debug|Any CPU.ActiveCfg = Debug|Any CPU
		{1856742B-DF27-43C2-88E2-7C760713AD45}.Debug|Any CPU.Build.0 = Debug|Any CPU
		{1856742B-DF27-43C2-88E2-7C760713AD45}.Release|Any CPU.ActiveCfg = Release|Any CPU
		{1856742B-DF27-43C2-88E2-7C760713AD45}.Release|Any CPU.Build.0 = Release|Any CPU
		{5B85F4BE-A35A-4593-BE5B-5E486471B1CE}.Debug|Any CPU.ActiveCfg = Debug|Any CPU
		{5B85F4BE-A35A-4593-BE5B-5E486471B1CE}.Debug|Any CPU.Build.0 = Debug|Any CPU
		{5B85F4BE-A35A-4593-BE5B-5E486471B1CE}.Release|Any CPU.ActiveCfg = Release|Any CPU
		{5B85F4BE-A35A-4593-BE5B-5E486471B1CE}.Release|Any CPU.Build.0 = Release|Any CPU
	EndGlobalSection
	GlobalSection(SolutionProperties) = preSolution
		HideSolutionNode = FALSE
	EndGlobalSection
EndGlobal
